
Microsoft Visual Studio Solution File, Format Version 12.00
# Visual Studio Version 17
VisualStudioVersion = 17.13.35919.96 d17.13
MinimumVisualStudioVersion = 10.0.40219.1
Project("{FAE04EC0-301F-11D3-BF4B-00C04F79EFBC}") = "CalculatorApp", "CalculatorApp.csproj", "{DBCE2209-8791-443B-A7DB-AE7BCF87FA19}"
EndProject
Global
	GlobalSection(SolutionConfigurationPlatforms) = preSolution
		Debug|Any CPU = Debug|Any CPU
		Release|Any CPU = Release|Any CPU
	EndGlobalSection
	GlobalSection(ProjectConfigurationPlatforms) = postSolution
		{DBCE2209-8791-443B-A7DB-AE7BCF87FA19}.Debug|Any CPU.ActiveCfg = Debug|Any CPU
		{DBCE2209-8791-443B-A7DB-AE7BCF87FA19}.Debug|Any CPU.Build.0 = Debug|Any CPU
		{DBCE2209-8791-443B-A7DB-AE7BCF87FA19}.Release|Any CPU.ActiveCfg = Release|Any CPU
		{DBCE2209-8791-443B-A7DB-AE7BCF87FA19}.Release|Any CPU.Build.0 = Release|Any CPU
	EndGlobalSection
	GlobalSection(SolutionProperties) = preSolution
		HideSolutionNode = FALSE
	EndGlobalSection
	GlobalSection(ExtensibilityGlobals) = postSolution
		SolutionGuid = {73ED803A-C750-4169-8655-676B9235F631}
	EndGlobalSection
EndGlobal
